// !$*UTF8*$!
{
	archiveVersion = 1;
	classes = {
	};
	objectVersion = 77;
	objects = {

/* Begin PBXContainerItemProxy section */
		CEE0AD162D4FEB1C001480D5 /* PBXContainerItemProxy */ = {
			isa = PBXContainerItemProxy;
			containerPortal = CEE0ACFD2D4FEB1B001480D5 /* Project object */;
			proxyType = 1;
			remoteGlobalIDString = CEE0AD042D4FEB1B001480D5;
			remoteInfo = TracingGame;
		};
		CEE0AD202D4FEB1C001480D5 /* PBXContainerItemProxy */ = {
			isa = PBXContainerItemProxy;
			containerPortal = CEE0ACFD2D4FEB1B001480D5 /* Project object */;
			proxyType = 1;
			remoteGlobalIDString = CEE0AD042D4FEB1B001480D5;
			remoteInfo = TracingGame;
		};
/* End PBXContainerItemProxy section */

/* Begin PBXFileReference section */
		CEE0AD052D4FEB1B001480D5 /* TracingGame.app */ = {isa = PBXFileReference; explicitFileType = wrapper.application; includeInIndex = 0; path = TracingGame.app; sourceTree = BUILT_PRODUCTS_DIR; };
		CEE0AD152D4FEB1C001480D5 /* TracingGameTests.xctest */ = {isa = PBXFileReference; explicitFileType = wrapper.cfbundle; includeInIndex = 0; path = TracingGameTests.xctest; sourceTree = BUILT_PRODUCTS_DIR; };
		CEE0AD1F2D4FEB1C001480D5 /* TracingGameUITests.xctest */ = {isa = PBXFileReference; explicitFileType = wrapper.cfbundle; includeInIndex = 0; path = TracingGameUITests.xctest; sourceTree = BUILT_PRODUCTS_DIR; };
/* End PBXFileReference section */

/* Begin PBXFileSystemSynchronizedRootGroup section */
		CEE0AD072D4FEB1B001480D5 /* TracingGame */ = {
			isa = PBXFileSystemSynchronizedRootGroup;
			path = TracingGame;
			sourceTree = "<group>";
		};
		CEE0AD182D4FEB1C001480D5 /* TracingGameTests */ = {
			isa = PBXFileSystemSynchronizedRootGroup;
			path = TracingGameTests;
			sourceTree = "<group>";
		};
		CEE0AD222D4FEB1C001480D5 /* TracingGameUITests */ = {
			isa = PBXFileSystemSynchronizedRootGroup;
			path = TracingGameUITests;
			sourceTree = "<group>";
		};
/* End PBXFileSystemSynchronizedRootGroup section */

/* Begin PBXFrameworksBuildPhase section */
		CEE0AD022D4FEB1B001480D5 /* Frameworks */ = {
			isa = PBXFrameworksBuildPhase;
			buildActionMask = 2147483647;
			files = (
			);
			runOnlyForDeploymentPostprocessing = 0;
		};
		CEE0AD122D4FEB1C001480D5 /* Frameworks */ = {
			isa = PBXFrameworksBuildPhase;
			buildActionMask = 2147483647;
			files = (
			);
			runOnlyForDeploymentPostprocessing = 0;
		};
		CEE0AD1C2D4FEB1C001480D5 /* Frameworks */ = {
			isa = PBXFrameworksBuildPhase;
			buildActionMask = 2147483647;
			files = (
			);
			runOnlyForDeploymentPostprocessing = 0;
		};
/* End PBXFrameworksBuildPhase section */

/* Begin PBXGroup section */
		CEE0ACFC2D4FEB1B001480D5 = {
			isa = PBXGroup;
			children = (
				CEE0AD072D4FEB1B001480D5 /* TracingGame */,
				CEE0AD182D4FEB1C001480D5 /* TracingGameTests */,
				CEE0AD222D4FEB1C001480D5 /* TracingGameUITests */,
				CEE0AD062D4FEB1B001480D5 /* Products */,
			);
			sourceTree = "<group>";
		};
		CEE0AD062D4FEB1B001480D5 /* Products */ = {
			isa = PBXGroup;
			children = (
				CEE0AD052D4FEB1B001480D5 /* TracingGame.app */,
				CEE0AD152D4FEB1C001480D5 /* TracingGameTests.xctest */,
				CEE0AD1F2D4FEB1C001480D5 /* TracingGameUITests.xctest */,
			);
			name = Products;
			sourceTree = "<group>";
		};
/* End PBXGroup section */

/* Begin PBXNativeTarget section */
		CEE0AD042D4FEB1B001480D5 /* TracingGame */ = {
			isa = PBXNativeTarget;
			buildConfigurationList = CEE0AD292D4FEB1C001480D5 /* Build configuration list for PBXNativeTarget "TracingGame" */;
			buildPhases = (
				CEE0AD012D4FEB1B001480D5 /* Sources */,
				CEE0AD022D4FEB1B001480D5 /* Frameworks */,
				CEE0AD032D4FEB1B001480D5 /* Resources */,
			);
			buildRules = (
			);
			dependencies = (
			);
			fileSystemSynchronizedGroups = (
				CEE0AD072D4FEB1B001480D5 /* TracingGame */,
			);
			name = TracingGame;
			packageProductDependencies = (
			);
			productName = TracingGame;
			productReference = CEE0AD052D4FEB1B001480D5 /* TracingGame.app */;
			productType = "com.apple.product-type.application";
		};
		CEE0AD142D4FEB1C001480D5 /* TracingGameTests */ = {
			isa = PBXNativeTarget;
			buildConfigurationList = CEE0AD2C2D4FEB1C001480D5 /* Build configuration list for PBXNativeTarget "TracingGameTests" */;
			buildPhases = (
				CEE0AD112D4FEB1C001480D5 /* Sources */,
				CEE0AD122D4FEB1C001480D5 /* Frameworks */,
				CEE0AD132D4FEB1C001480D5 /* Resources */,
			);
			buildRules = (
			);
			dependencies = (
				CEE0AD172D4FEB1C001480D5 /* PBXTargetDependency */,
			);
			fileSystemSynchronizedGroups = (
				CEE0AD182D4FEB1C001480D5 /* TracingGameTests */,
			);
			name = TracingGameTests;
			packageProductDependencies = (
			);
			productName = TracingGameTests;
			productReference = CEE0AD152D4FEB1C001480D5 /* TracingGameTests.xctest */;
			productType = "com.apple.product-type.bundle.unit-test";
		};
		CEE0AD1E2D4FEB1C001480D5 /* TracingGameUITests */ = {
			isa = PBXNativeTarget;
			buildConfigurationList = CEE0AD2F2D4FEB1C001480D5 /* Build configuration list for PBXNativeTarget "TracingGameUITests" */;
			buildPhases = (
				CEE0AD1B2D4FEB1C001480D5 /* Sources */,
				CEE0AD1C2D4FEB1C001480D5 /* Frameworks */,
				CEE0AD1D2D4FEB1C001480D5 /* Resources */,
			);
			buildRules = (
			);
			dependencies = (
				CEE0AD212D4FEB1C001480D5 /* PBXTargetDependency */,
			);
			fileSystemSynchronizedGroups = (
				CEE0AD222D4FEB1C001480D5 /* TracingGameUITests */,
			);
			name = TracingGameUITests;
			packageProductDependencies = (
			);
			productName = TracingGameUITests;
			productReference = CEE0AD1F2D4FEB1C001480D5 /* TracingGameUITests.xctest */;
			productType = "com.apple.product-type.bundle.ui-testing";
		};
/* End PBXNativeTarget section */

/* Begin PBXProject section */
		CEE0ACFD2D4FEB1B001480D5 /* Project object */ = {
			isa = PBXProject;
			attributes = {
				BuildIndependentTargetsInParallel = 1;
				LastSwiftUpdateCheck = 1620;
				LastUpgradeCheck = 1620;
				TargetAttributes = {
					CEE0AD042D4FEB1B001480D5 = {
						CreatedOnToolsVersion = 16.2;
					};
					CEE0AD142D4FEB1C001480D5 = {
						CreatedOnToolsVersion = 16.2;
						TestTargetID = CEE0AD042D4FEB1B001480D5;
					};
					CEE0AD1E2D4FEB1C001480D5 = {
						CreatedOnToolsVersion = 16.2;
						TestTargetID = CEE0AD042D4FEB1B001480D5;
					};
				};
			};
			buildConfigurationList = CEE0AD002D4FEB1B001480D5 /* Build configuration list for PBXProject "TracingGame" */;
			developmentRegion = en;
			hasScannedForEncodings = 0;
			knownRegions = (
				en,
				Base,
			);
			mainGroup = CEE0ACFC2D4FEB1B001480D5;
			minimizedProjectReferenceProxies = 1;
			preferredProjectObjectVersion = 77;
			productRefGroup = CEE0AD062D4FEB1B001480D5 /* Products */;
			projectDirPath = "";
			projectRoot = "";
			targets = (
				CEE0AD042D4FEB1B001480D5 /* TracingGame */,
				CEE0AD142D4FEB1C001480D5 /* TracingGameTests */,
				CEE0AD1E2D4FEB1C001480D5 /* TracingGameUITests */,
			);
		};
/* End PBXProject section */

/* Begin PBXResourcesBuildPhase section */
		CEE0AD032D4FEB1B001480D5 /* Resources */ = {
			isa = PBXResourcesBuildPhase;
			buildActionMask = 2147483647;
			files = (
			);
			runOnlyForDeploymentPostprocessing = 0;
		};
		CEE0AD132D4FEB1C001480D5 /* Resources */ = {
			isa = PBXResourcesBuildPhase;
			buildActionMask = 2147483647;
			files = (
			);
			runOnlyForDeploymentPostprocessing = 0;
		};
		CEE0AD1D2D4FEB1C001480D5 /* Resources */ = {
			isa = PBXResourcesBuildPhase;
			buildActionMask = 2147483647;
			files = (
			);
			runOnlyForDeploymentPostprocessing = 0;
		};
/* End PBXResourcesBuildPhase section */

/* Begin PBXSourcesBuildPhase section */
		CEE0AD012D4FEB1B001480D5 /* Sources */ = {
			isa = PBXSourcesBuildPhase;
			buildActionMask = 2147483647;
			files = (
			);
			runOnlyForDeploymentPostprocessing = 0;
		};
		CEE0AD112D4FEB1C001480D5 /* Sources */ = {
			isa = PBXSourcesBuildPhase;
			buildActionMask = 2147483647;
			files = (
			);
			runOnlyForDeploymentPostprocessing = 0;
		};
		CEE0AD1B2D4FEB1C001480D5 /* Sources */ = {
			isa = PBXSourcesBuildPhase;
			buildActionMask = 2147483647;
			files = (
			);
			runOnlyForDeploymentPostprocessing = 0;
		};
/* End PBXSourcesBuildPhase section */

/* Begin PBXTargetDependency section */
		CEE0AD172D4FEB1C001480D5 /* PBXTargetDependency */ = {
			isa = PBXTargetDependency;
			target = CEE0AD042D4FEB1B001480D5 /* TracingGame */;
			targetProxy = CEE0AD162D4FEB1C001480D5 /* PBXContainerItemProxy */;
		};
		CEE0AD212D4FEB1C001480D5 /* PBXTargetDependency */ = {
			isa = PBXTargetDependency;
			target = CEE0AD042D4FEB1B001480D5 /* TracingGame */;
			targetProxy = CEE0AD202D4FEB1C001480D5 /* PBXContainerItemProxy */;
		};
/* End PBXTargetDependency section */

/* Begin XCBuildConfiguration section */
		CEE0AD272D4FEB1C001480D5 /* Debug */ = {
			isa = XCBuildConfiguration;
			buildSettings = {
				ALWAYS_SEARCH_USER_PATHS = NO;
				ASSETCATALOG_COMPILER_GENERATE_SWIFT_ASSET_SYMBOL_EXTENSIONS = YES;
				CLANG_ANALYZER_NONNULL = YES;
				CLANG_ANALYZER_NUMBER_OBJECT_CONVERSION = YES_AGGRESSIVE;
				CLANG_CXX_LANGUAGE_STANDARD = "gnu++20";
				CLANG_ENABLE_MODULES = YES;
				CLANG_ENABLE_OBJC_ARC = YES;
				CLANG_ENABLE_OBJC_WEAK = YES;
				CLANG_WARN_BLOCK_CAPTURE_AUTORELEASING = YES;
				CLANG_WARN_BOOL_CONVERSION = YES;
				CLANG_WARN_COMMA = YES;
				CLANG_WARN_CONSTANT_CONVERSION = YES;
				CLANG_WARN_DEPRECATED_OBJC_IMPLEMENTATIONS = YES;
				CLANG_WARN_DIRECT_OBJC_ISA_USAGE = YES_ERROR;
				CLANG_WARN_DOCUMENTATION_COMMENTS = YES;
				CLANG_WARN_EMPTY_BODY = YES;
				CLANG_WARN_ENUM_CONVERSION = YES;
				CLANG_WARN_INFINITE_RECURSION = YES;
				CLANG_WARN_INT_CONVERSION = YES;
				CLANG_WARN_NON_LITERAL_NULL_CONVERSION = YES;
				CLANG_WARN_OBJC_IMPLICIT_RETAIN_SELF = YES;
				CLANG_WARN_OBJC_LITERAL_CONVERSION = YES;
				CLANG_WARN_OBJC_ROOT_CLASS = YES_ERROR;
				CLANG_WARN_QUOTED_INCLUDE_IN_FRAMEWORK_HEADER = YES;
				CLANG_WARN_RANGE_LOOP_ANALYSIS = YES;
				CLANG_WARN_STRICT_PROTOTYPES = YES;
				CLANG_WARN_SUSPICIOUS_MOVE = YES;
				CLANG_WARN_UNGUARDED_AVAILABILITY = YES_AGGRESSIVE;
				CLANG_WARN_UNREACHABLE_CODE = YES;
				CLANG_WARN__DUPLICATE_METHOD_MATCH = YES;
				COPY_PHASE_STRIP = NO;
				DEBUG_INFORMATION_FORMAT = dwarf;
				ENABLE_STRICT_OBJC_MSGSEND = YES;
				ENABLE_TESTABILITY = YES;
				ENABLE_USER_SCRIPT_SANDBOXING = YES;
				GCC_C_LANGUAGE_STANDARD = gnu17;
				GCC_DYNAMIC_NO_PIC = NO;
				GCC_NO_COMMON_BLOCKS = YES;
				GCC_OPTIMIZATION_LEVEL = 0;
				GCC_PREPROCESSOR_DEFINITIONS = (
					"DEBUG=1",
					"$(inherited)",
				);
				GCC_WARN_64_TO_32_BIT_CONVERSION = YES;
				GCC_WARN_ABOUT_RETURN_TYPE = YES_ERROR;
				GCC_WARN_UNDECLARED_SELECTOR = YES;
				GCC_WARN_UNINITIALIZED_AUTOS = YES_AGGRESSIVE;
				GCC_WARN_UNUSED_FUNCTION = YES;
				GCC_WARN_UNUSED_VARIABLE = YES;
				IPHONEOS_DEPLOYMENT_TARGET = 18.2;
				LOCALIZATION_PREFERS_STRING_CATALOGS = YES;
				MTL_ENABLE_DEBUG_INFO = INCLUDE_SOURCE;
				MTL_FAST_MATH = YES;
				ONLY_ACTIVE_ARCH = YES;
				SDKROOT = iphoneos;
				SWIFT_ACTIVE_COMPILATION_CONDITIONS = "DEBUG $(inherited)";
				SWIFT_OPTIMIZATION_LEVEL = "-Onone";
			};
			name = Debug;
		};
		CEE0AD282D4FEB1C001480D5 /* Release */ = {
			isa = XCBuildConfiguration;
			buildSettings = {
				ALWAYS_SEARCH_USER_PATHS = NO;
				ASSETCATALOG_COMPILER_GENERATE_SWIFT_ASSET_SYMBOL_EXTENSIONS = YES;
				CLANG_ANALYZER_NONNULL = YES;
				CLANG_ANALYZER_NUMBER_OBJECT_CONVERSION = YES_AGGRESSIVE;
				CLANG_CXX_LANGUAGE_STANDARD = "gnu++20";
				CLANG_ENABLE_MODULES = YES;
				CLANG_ENABLE_OBJC_ARC = YES;
				CLANG_ENABLE_OBJC_WEAK = YES;
				CLANG_WARN_BLOCK_CAPTURE_AUTORELEASING = YES;
				CLANG_WARN_BOOL_CONVERSION = YES;
				CLANG_WARN_COMMA = YES;
				CLANG_WARN_CONSTANT_CONVERSION = YES;
				CLANG_WARN_DEPRECATED_OBJC_IMPLEMENTATIONS = YES;
				CLANG_WARN_DIRECT_OBJC_ISA_USAGE = YES_ERROR;
				CLANG_WARN_DOCUMENTATION_COMMENTS = YES;
				CLANG_WARN_EMPTY_BODY = YES;
				CLANG_WARN_ENUM_CONVERSION = YES;
				CLANG_WARN_INFINITE_RECURSION = YES;
				CLANG_WARN_INT_CONVERSION = YES;
				CLANG_WARN_NON_LITERAL_NULL_CONVERSION = YES;
				CLANG_WARN_OBJC_IMPLICIT_RETAIN_SELF = YES;
				CLANG_WARN_OBJC_LITERAL_CONVERSION = YES;
				CLANG_WARN_OBJC_ROOT_CLASS = YES_ERROR;
				CLANG_WARN_QUOTED_INCLUDE_IN_FRAMEWORK_HEADER = YES;
				CLANG_WARN_RANGE_LOOP_ANALYSIS = YES;
				CLANG_WARN_STRICT_PROTOTYPES = YES;
				CLANG_WARN_SUSPICIOUS_MOVE = YES;
				CLANG_WARN_UNGUARDED_AVAILABILITY = YES_AGGRESSIVE;
				CLANG_WARN_UNREACHABLE_CODE = YES;
				CLANG_WARN__DUPLICATE_METHOD_MATCH = YES;
				COPY_PHASE_STRIP = NO;
				DEBUG_INFORMATION_FORMAT = "dwarf-with-dsym";
				ENABLE_NS_ASSERTIONS = NO;
				ENABLE_STRICT_OBJC_MSGSEND = YES;
				ENABLE_USER_SCRIPT_SANDBOXING = YES;
				GCC_C_LANGUAGE_STANDARD = gnu17;
				GCC_NO_COMMON_BLOCKS = YES;
				GCC_WARN_64_TO_32_BIT_CONVERSION = YES;
				GCC_WARN_ABOUT_RETURN_TYPE = YES_ERROR;
				GCC_WARN_UNDECLARED_SELECTOR = YES;
				GCC_WARN_UNINITIALIZED_AUTOS = YES_AGGRESSIVE;
				GCC_WARN_UNUSED_FUNCTION = YES;
				GCC_WARN_UNUSED_VARIABLE = YES;
				IPHONEOS_DEPLOYMENT_TARGET = 18.2;
				LOCALIZATION_PREFERS_STRING_CATALOGS = YES;
				MTL_ENABLE_DEBUG_INFO = NO;
				MTL_FAST_MATH = YES;
				SDKROOT = iphoneos;
				SWIFT_COMPILATION_MODE = wholemodule;
				VALIDATE_PRODUCT = YES;
			};
			name = Release;
		};
		CEE0AD2A2D4FEB1C001480D5 /* Debug */ = {
			isa = XCBuildConfiguration;
			buildSettings = {
				ASSETCATALOG_COMPILER_APPICON_NAME = AppIcon;
				ASSETCATALOG_COMPILER_GLOBAL_ACCENT_COLOR_NAME = AccentColor;
				CODE_SIGN_STYLE = Automatic;
				CURRENT_PROJECT_VERSION = 1;
				DEVELOPMENT_ASSET_PATHS = "\"TracingGame/Preview Content\"";
				DEVELOPMENT_TEAM = 287UGQZ4DR;
				ENABLE_PREVIEWS = YES;
				GENERATE_INFOPLIST_FILE = YES;
				INFOPLIST_KEY_UIApplicationSceneManifest_Generation = YES;
				INFOPLIST_KEY_UIApplicationSupportsIndirectInputEvents = YES;
				INFOPLIST_KEY_UILaunchScreen_Generation = YES;
				INFOPLIST_KEY_UISupportedInterfaceOrientations_iPad = "UIInterfaceOrientationPortrait UIInterfaceOrientationPortraitUpsideDown UIInterfaceOrientationLandscapeLeft UIInterfaceOrientationLandscapeRight";
				INFOPLIST_KEY_UISupportedInterfaceOrientations_iPhone = "UIInterfaceOrientationPortrait UIInterfaceOrientationLandscapeLeft UIInterfaceOrientationLandscapeRight";
				LD_RUNPATH_SEARCH_PATHS = (
					"$(inherited)",
					"@executable_path/Frameworks",
				);
				MARKETING_VERSION = 1.0;
				PRODUCT_BUNDLE_IDENTIFIER = Muhamad.TracingGame;
				PRODUCT_NAME = "$(TARGET_NAME)";
				SWIFT_EMIT_LOC_STRINGS = YES;
				SWIFT_VERSION = 5.0;
				TARGETED_DEVICE_FAMILY = "1,2";
			};
			name = Debug;
		};
		CEE0AD2B2D4FEB1C001480D5 /* Release */ = {
			isa = XCBuildConfiguration;
			buildSettings = {
				ASSETCATALOG_COMPILER_APPICON_NAME = AppIcon;
				ASSETCATALOG_COMPILER_GLOBAL_ACCENT_COLOR_NAME = AccentColor;
				CODE_SIGN_STYLE = Automatic;
				CURRENT_PROJECT_VERSION = 1;
				DEVELOPMENT_ASSET_PATHS = "\"TracingGame/Preview Content\"";
				DEVELOPMENT_TEAM = 287UGQZ4DR;
				ENABLE_PREVIEWS = YES;
				GENERATE_INFOPLIST_FILE = YES;
				INFOPLIST_KEY_UIApplicationSceneManifest_Generation = YES;
				INFOPLIST_KEY_UIApplicationSupportsIndirectInputEvents = YES;
				INFOPLIST_KEY_UILaunchScreen_Generation = YES;
				INFOPLIST_KEY_UISupportedInterfaceOrientations_iPad = "UIInterfaceOrientationPortrait UIInterfaceOrientationPortraitUpsideDown UIInterfaceOrientationLandscapeLeft UIInterfaceOrientationLandscapeRight";
				INFOPLIST_KEY_UISupportedInterfaceOrientations_iPhone = "UIInterfaceOrientationPortrait UIInterfaceOrientationLandscapeLeft UIInterfaceOrientationLandscapeRight";
				LD_RUNPATH_SEARCH_PATHS = (
					"$(inherited)",
					"@executable_path/Frameworks",
				);
				MARKETING_VERSION = 1.0;
				PRODUCT_BUNDLE_IDENTIFIER = Muhamad.TracingGame;
				PRODUCT_NAME = "$(TARGET_NAME)";
				SWIFT_EMIT_LOC_STRINGS = YES;
				SWIFT_VERSION = 5.0;
				TARGETED_DEVICE_FAMILY = "1,2";
			};
			name = Release;
		};
		CEE0AD2D2D4FEB1C001480D5 /* Debug */ = {
			isa = XCBuildConfiguration;
			buildSettings = {
				BUNDLE_LOADER = "$(TEST_HOST)";
				CODE_SIGN_STYLE = Automatic;
				CURRENT_PROJECT_VERSION = 1;
				GENERATE_INFOPLIST_FILE = YES;
				IPHONEOS_DEPLOYMENT_TARGET = 18.2;
				MARKETING_VERSION = 1.0;
				PRODUCT_BUNDLE_IDENTIFIER = Muhamad.TracingGameTests;
				PRODUCT_NAME = "$(TARGET_NAME)";
				SWIFT_EMIT_LOC_STRINGS = NO;
				SWIFT_VERSION = 5.0;
				TARGETED_DEVICE_FAMILY = "1,2";
				TEST_HOST = "$(BUILT_PRODUCTS_DIR)/TracingGame.app/$(BUNDLE_EXECUTABLE_FOLDER_PATH)/TracingGame";
			};
			name = Debug;
		};
		CEE0AD2E2D4FEB1C001480D5 /* Release */ = {
			isa = XCBuildConfiguration;
			buildSettings = {
				BUNDLE_LOADER = "$(TEST_HOST)";
				CODE_SIGN_STYLE = Automatic;
				CURRENT_PROJECT_VERSION = 1;
				GENERATE_INFOPLIST_FILE = YES;
				IPHONEOS_DEPLOYMENT_TARGET = 18.2;
				MARKETING_VERSION = 1.0;
				PRODUCT_BUNDLE_IDENTIFIER = Muhamad.TracingGameTests;
				PRODUCT_NAME = "$(TARGET_NAME)";
				SWIFT_EMIT_LOC_STRINGS = NO;
				SWIFT_VERSION = 5.0;
				TARGETED_DEVICE_FAMILY = "1,2";
				TEST_HOST = "$(BUILT_PRODUCTS_DIR)/TracingGame.app/$(BUNDLE_EXECUTABLE_FOLDER_PATH)/TracingGame";
			};
			name = Release;
		};
		CEE0AD302D4FEB1C001480D5 /* Debug */ = {
			isa = XCBuildConfiguration;
			buildSettings = {
				CODE_SIGN_STYLE = Automatic;
				CURRENT_PROJECT_VERSION = 1;
				GENERATE_INFOPLIST_FILE = YES;
				MARKETING_VERSION = 1.0;
				PRODUCT_BUNDLE_IDENTIFIER = Muhamad.TracingGameUITests;
				PRODUCT_NAME = "$(TARGET_NAME)";
				SWIFT_EMIT_LOC_STRINGS = NO;
				SWIFT_VERSION = 5.0;
				TARGETED_DEVICE_FAMILY = "1,2";
				TEST_TARGET_NAME = TracingGame;
			};
			name = Debug;
		};
		CEE0AD312D4FEB1C001480D5 /* Release */ = {
			isa = XCBuildConfiguration;
			buildSettings = {
				CODE_SIGN_STYLE = Automatic;
				CURRENT_PROJECT_VERSION = 1;
				GENERATE_INFOPLIST_FILE = YES;
				MARKETING_VERSION = 1.0;
				PRODUCT_BUNDLE_IDENTIFIER = Muhamad.TracingGameUITests;
				PRODUCT_NAME = "$(TARGET_NAME)";
				SWIFT_EMIT_LOC_STRINGS = NO;
				SWIFT_VERSION = 5.0;
				TARGETED_DEVICE_FAMILY = "1,2";
				TEST_TARGET_NAME = TracingGame;
			};
			name = Release;
		};
/* End XCBuildConfiguration section */

/* Begin XCConfigurationList section */
		CEE0AD002D4FEB1B001480D5 /* Build configuration list for PBXProject "TracingGame" */ = {
			isa = XCConfigurationList;
			buildConfigurations = (
				CEE0AD272D4FEB1C001480D5 /* Debug */,
				CEE0AD282D4FEB1C001480D5 /* Release */,
			);
			defaultConfigurationIsVisible = 0;
			defaultConfigurationName = Release;
		};
		CEE0AD292D4FEB1C001480D5 /* Build configuration list for PBXNativeTarget "TracingGame" */ = {
			isa = XCConfigurationList;
			buildConfigurations = (
				CEE0AD2A2D4FEB1C001480D5 /* Debug */,
				CEE0AD2B2D4FEB1C001480D5 /* Release */,
			);
			defaultConfigurationIsVisible = 0;
			defaultConfigurationName = Release;
		};
		CEE0AD2C2D4FEB1C001480D5 /* Build configuration list for PBXNativeTarget "TracingGameTests" */ = {
			isa = XCConfigurationList;
			buildConfigurations = (
				CEE0AD2D2D4FEB1C001480D5 /* Debug */,
				CEE0AD2E2D4FEB1C001480D5 /* Release */,
			);
			defaultConfigurationIsVisible = 0;
			defaultConfigurationName = Release;
		};
		CEE0AD2F2D4FEB1C001480D5 /* Build configuration list for PBXNativeTarget "TracingGameUITests" */ = {
			isa = XCConfigurationList;
			buildConfigurations = (
				CEE0AD302D4FEB1C001480D5 /* Debug */,
				CEE0AD312D4FEB1C001480D5 /* Release */,
			);
			defaultConfigurationIsVisible = 0;
			defaultConfigurationName = Release;
		};
/* End XCConfigurationList section */
	};
	rootObject = CEE0ACFD2D4FEB1B001480D5 /* Project object */;
}
